github.com/waltarix/go-runewidth v0.0.16-custom h1:zUrjG8szAS8oN2h4gLKSxajUNWlmeYAVCAq6JXzxPs0=
github.com/waltarix/go-runewidth v0.0.16-custom/go.mod h1:gyJl0DKpK3oETboXYMnh2K0w/4oLUGjvFZ1hTyHX4M8=
github.com/waltarix/uniseg v0.4.7-custom-r1 h1:vKmGiIxmf4oOseiBFArQclkB+ch67iXEzE2w12izh6M=
github.com/waltarix/uniseg v0.4.7-custom-r1/go.mod h1:FN3SvrM+Zdj16jyLfmOkMNblXMcoc8DfTHruCPUcx88=
zgo.at/runewidth v0.1.0 h1:ED4PzJpYJlZMDEkoz+iPKjb5NrwbKnWPXDMJlNlfk9g=
zgo.at/runewidth v0.1.0/go.mod h1:Ugl6FGPF5Ib/NRu2UAV2wVthEgYfEz51Bu/uyNbWZSw=
zgo.at/termtext v1.5.0 h1:4p9GVUDYUR8oWvpxOZsO5ZrNSkA99bp8gXNKxKj+Kl0=
zgo.at/termtext v1.5.0/go.mod h1:AcdAAiydkqSFadljJaEj9jv7bpyJxfQqGtPWyZCLenQ=
zgo.at/zli v0.0.0-20240614180544-47534b1ce136 h1:Q0j5M5+5YGNaECQmKOcznyDYX3jZUCVN+c7GKUkoV8o=
zgo.at/zli v0.0.0-20240614180544-47534b1ce136/go.mod h1:0jjx+AGEkWOOQ0NtzbMnpko+H2G+aTg8mfCKqoc/BuA=
zgo.at/zstd v0.0.0-20240827020003-f7ed9341ec67 h1:ggFZCG7lJzcPcKNKEs/nnEJdhZzh2+Yt7UwCUoh2J0s=
zgo.at/zstd v0.0.0-20240827020003-f7ed9341ec67/go.mod h1:o/Q8+EtSahHnfkbB3t8wXE0FnoDTmJ0sBDlzezv9XeM=
