github.com/rivo/uniseg v0.2.0/go.mod h1:J6wj4VEh+S6ZtnVlnTBMWIodfgj8LQOQFoIToxlJtxc=
github.com/rivo/uniseg v0.4.4 h1:8TfxU8dW6PdqD27gjM8MVNuicgxIjxpm4K7x4jp8sis=
github.com/rivo/uniseg v0.4.4/go.mod h1:FN3SvrM+Zdj16jyLfmOkMNblXMcoc8DfTHruCPUcx88=
github.com/waltarix/go-runewidth v0.0.15-custom h1:lAXVXLUs/5AIBNF4wVxH6aWO+GAEVqWSAdCtK2ri5pU=
github.com/waltarix/go-runewidth v0.0.15-custom/go.mod h1:xFil17WqFBHWnpeICnxrCha22FyHXs2Oi9FcvBxF4CY=
golang.org/x/sys v0.0.0-20210615035016-665e8c7367d1/go.mod h1:oPkhp1MJrh7nUepCBck5+mAzfO9JrbApNNgaTdGDITg=
golang.org/x/sys v0.7.0 h1:3jlCCIQZPdOYu1h8BkNvLz8Kgwtae2cagcG/VamtZRU=
golang.org/x/sys v0.7.0/go.mod h1:oPkhp1MJrh7nUepCBck5+mAzfO9JrbApNNgaTdGDITg=
golang.org/x/term v0.0.0-20220411215600-e5f449aeb171/go.mod h1:jbD1KX2456YbFQfuXm/mYQcufACuNUgVhRMnK/tPxf8=
golang.org/x/term v0.7.0 h1:BEvjmm5fURWqcfbSKTdpkDXYBrUS1c0m8agp14W48vQ=
golang.org/x/term v0.7.0/go.mod h1:P32HKFT3hSsZrRxla30E9HqToFYAQPCMs/zFMBUFqPY=
zgo.at/termtext v1.1.0 h1:fBwyR6BVw1DnOIGmRhlQwM3cePzoJtY9FHpc62TwCWU=
zgo.at/termtext v1.1.0/go.mod h1:P0jvULwo8z82ad7+WR6vg5vTy86dqvbOmR3bT3NlYvc=
zgo.at/zli v0.0.0-20221012220610-d6a5a841b943 h1:PeTHjJK0YmNdkwfglLXufJWEwjy2rGujj5DRWtDw0u8=
zgo.at/zli v0.0.0-20221012220610-d6a5a841b943/go.mod h1:6nYv5thziHp9CMVzGbQV4qeA9hMJSj7uJ8WLgD4BtVs=
zgo.at/zstd v0.0.0-20221224014507-b280051cca98 h1:zSgjdwvypEJpAyClmU9dZSx6vzGhpFW3zorBigZLuyw=
zgo.at/zstd v0.0.0-20221224014507-b280051cca98/go.mod h1:o/Q8+EtSahHnfkbB3t8wXE0FnoDTmJ0sBDlzezv9XeM=
